
Microsoft Visual Studio Solution File, Format Version 12.00
# Visual Studio 15
VisualStudioVersion = 15.0.26124.0
MinimumVisualStudioVersion = 15.0.26124.0
Project("{FAE04EC0-301F-11D3-BF4B-00C04F79EFBC}") = "ApexRestaurant.Repository", "ApexRestaurant.Repository\ApexRestaurant.Repository.csproj", "{A6EF3C38-3757-4B64-A5A8-9ED61EFCDA31}"
EndProject
Project("{FAE04EC0-301F-11D3-BF4B-00C04F79EFBC}") = "ApexRestaurant.Api", "ApexRestaurant.Api\ApexRestaurant.Api.csproj", "{8AB59499-DDC2-47CD-920C-6E4DEB74365B}"
EndProject
Project("{FAE04EC0-301F-11D3-BF4B-00C04F79EFBC}") = "ApexRestaurant.Services", "ApexRestaurant.Services\ApexRestaurant.Services.csproj", "{BB4BB972-7EE3-48C6-BF0B-FC37A48CD0C5}"
EndProject
Project("{FAE04EC0-301F-11D3-BF4B-00C04F79EFBC}") = "ApexResturant.Mvc", "ApexResturant.Mvc\ApexResturant.Mvc.csproj", "{69161B79-D3F3-4859-9881-1D3323670978}"
EndProject
Global
	GlobalSection(SolutionConfigurationPlatforms) = preSolution
		Debug|Any CPU = Debug|Any CPU
		Debug|x64 = Debug|x64
		Debug|x86 = Debug|x86
		Release|Any CPU = Release|Any CPU
		Release|x64 = Release|x64
		Release|x86 = Release|x86
	EndGlobalSection
	GlobalSection(SolutionProperties) = preSolution
		HideSolutionNode = FALSE
	EndGlobalSection
	GlobalSection(ProjectConfigurationPlatforms) = postSolution
		{A6EF3C38-3757-4B64-A5A8-9ED61EFCDA31}.Debug|Any CPU.ActiveCfg = Debug|Any CPU
		{A6EF3C38-3757-4B64-A5A8-9ED61EFCDA31}.Debug|Any CPU.Build.0 = Debug|Any CPU
		{A6EF3C38-3757-4B64-A5A8-9ED61EFCDA31}.Debug|x64.ActiveCfg = Debug|Any CPU
		{A6EF3C38-3757-4B64-A5A8-9ED61EFCDA31}.Debug|x64.Build.0 = Debug|Any CPU
		{A6EF3C38-3757-4B64-A5A8-9ED61EFCDA31}.Debug|x86.ActiveCfg = Debug|Any CPU
		{A6EF3C38-3757-4B64-A5A8-9ED61EFCDA31}.Debug|x86.Build.0 = Debug|Any CPU
		{A6EF3C38-3757-4B64-A5A8-9ED61EFCDA31}.Release|Any CPU.ActiveCfg = Release|Any CPU
		{A6EF3C38-3757-4B64-A5A8-9ED61EFCDA31}.Release|Any CPU.Build.0 = Release|Any CPU
		{A6EF3C38-3757-4B64-A5A8-9ED61EFCDA31}.Release|x64.ActiveCfg = Release|Any CPU
		{A6EF3C38-3757-4B64-A5A8-9ED61EFCDA31}.Release|x64.Build.0 = Release|Any CPU
		{A6EF3C38-3757-4B64-A5A8-9ED61EFCDA31}.Release|x86.ActiveCfg = Release|Any CPU
		{A6EF3C38-3757-4B64-A5A8-9ED61EFCDA31}.Release|x86.Build.0 = Release|Any CPU
		{8AB59499-DDC2-47CD-920C-6E4DEB74365B}.Debug|Any CPU.ActiveCfg = Debug|Any CPU
		{8AB59499-DDC2-47CD-920C-6E4DEB74365B}.Debug|Any CPU.Build.0 = Debug|Any CPU
		{8AB59499-DDC2-47CD-920C-6E4DEB74365B}.Debug|x64.ActiveCfg = Debug|Any CPU
		{8AB59499-DDC2-47CD-920C-6E4DEB74365B}.Debug|x64.Build.0 = Debug|Any CPU
		{8AB59499-DDC2-47CD-920C-6E4DEB74365B}.Debug|x86.ActiveCfg = Debug|Any CPU
		{8AB59499-DDC2-47CD-920C-6E4DEB74365B}.Debug|x86.Build.0 = Debug|Any CPU
		{8AB59499-DDC2-47CD-920C-6E4DEB74365B}.Release|Any CPU.ActiveCfg = Release|Any CPU
		{8AB59499-DDC2-47CD-920C-6E4DEB74365B}.Release|Any CPU.Build.0 = Release|Any CPU
		{8AB59499-DDC2-47CD-920C-6E4DEB74365B}.Release|x64.ActiveCfg = Release|Any CPU
		{8AB59499-DDC2-47CD-920C-6E4DEB74365B}.Release|x64.Build.0 = Release|Any CPU
		{8AB59499-DDC2-47CD-920C-6E4DEB74365B}.Release|x86.ActiveCfg = Release|Any CPU
		{8AB59499-DDC2-47CD-920C-6E4DEB74365B}.Release|x86.Build.0 = Release|Any CPU
		{BB4BB972-7EE3-48C6-BF0B-FC37A48CD0C5}.Debug|Any CPU.ActiveCfg = Debug|Any CPU
		{BB4BB972-7EE3-48C6-BF0B-FC37A48CD0C5}.Debug|Any CPU.Build.0 = Debug|Any CPU
		{BB4BB972-7EE3-48C6-BF0B-FC37A48CD0C5}.Debug|x64.ActiveCfg = Debug|Any CPU
		{BB4BB972-7EE3-48C6-BF0B-FC37A48CD0C5}.Debug|x64.Build.0 = Debug|Any CPU
		{BB4BB972-7EE3-48C6-BF0B-FC37A48CD0C5}.Debug|x86.ActiveCfg = Debug|Any CPU
		{BB4BB972-7EE3-48C6-BF0B-FC37A48CD0C5}.Debug|x86.Build.0 = Debug|Any CPU
		{BB4BB972-7EE3-48C6-BF0B-FC37A48CD0C5}.Release|Any CPU.ActiveCfg = Release|Any CPU
		{BB4BB972-7EE3-48C6-BF0B-FC37A48CD0C5}.Release|Any CPU.Build.0 = Release|Any CPU
		{BB4BB972-7EE3-48C6-BF0B-FC37A48CD0C5}.Release|x64.ActiveCfg = Release|Any CPU
		{BB4BB972-7EE3-48C6-BF0B-FC37A48CD0C5}.Release|x64.Build.0 = Release|Any CPU
		{BB4BB972-7EE3-48C6-BF0B-FC37A48CD0C5}.Release|x86.ActiveCfg = Release|Any CPU
		{BB4BB972-7EE3-48C6-BF0B-FC37A48CD0C5}.Release|x86.Build.0 = Release|Any CPU
		{69161B79-D3F3-4859-9881-1D3323670978}.Debug|Any CPU.ActiveCfg = Debug|Any CPU
		{69161B79-D3F3-4859-9881-1D3323670978}.Debug|Any CPU.Build.0 = Debug|Any CPU
		{69161B79-D3F3-4859-9881-1D3323670978}.Debug|x64.ActiveCfg = Debug|Any CPU
		{69161B79-D3F3-4859-9881-1D3323670978}.Debug|x64.Build.0 = Debug|Any CPU
		{69161B79-D3F3-4859-9881-1D3323670978}.Debug|x86.ActiveCfg = Debug|Any CPU
		{69161B79-D3F3-4859-9881-1D3323670978}.Debug|x86.Build.0 = Debug|Any CPU
		{69161B79-D3F3-4859-9881-1D3323670978}.Release|Any CPU.ActiveCfg = Release|Any CPU
		{69161B79-D3F3-4859-9881-1D3323670978}.Release|Any CPU.Build.0 = Release|Any CPU
		{69161B79-D3F3-4859-9881-1D3323670978}.Release|x64.ActiveCfg = Release|Any CPU
		{69161B79-D3F3-4859-9881-1D3323670978}.Release|x64.Build.0 = Release|Any CPU
		{69161B79-D3F3-4859-9881-1D3323670978}.Release|x86.ActiveCfg = Release|Any CPU
		{69161B79-D3F3-4859-9881-1D3323670978}.Release|x86.Build.0 = Release|Any CPU
	EndGlobalSection
EndGlobal
